
Microsoft Visual Studio Solution File, Format Version 12.00
# Visual Studio 15
VisualStudioVersion = 15.0.28010.2046
MinimumVisualStudioVersion = 10.0.40219.1
Project("{FAE04EC0-301F-11D3-BF4B-00C04F79EFBC}") = "CodePasswordDLL", "CodePasswordDLL.csproj", "{69D31620-69D1-4FBD-A55D-BAE6D0427AFB}"
EndProject
Project("{FAE04EC0-301F-11D3-BF4B-00C04F79EFBC}") = "CodePasswordDLL.Tests", "CodePasswordDLL.Tests\CodePasswordDLL.Tests.csproj", "{CAA71253-E697-4A04-9855-94F7D85952FB}"
EndProject
Global
	GlobalSection(SolutionConfigurationPlatforms) = preSolution
		Debug|Any CPU = Debug|Any CPU
		Release|Any CPU = Release|Any CPU
	EndGlobalSection
	GlobalSection(ProjectConfigurationPlatforms) = postSolution
		{69D31620-69D1-4FBD-A55D-BAE6D0427AFB}.Debug|Any CPU.ActiveCfg = Debug|Any CPU
		{69D31620-69D1-4FBD-A55D-BAE6D0427AFB}.Debug|Any CPU.Build.0 = Debug|Any CPU
		{69D31620-69D1-4FBD-A55D-BAE6D0427AFB}.Release|Any CPU.ActiveCfg = Release|Any CPU
		{69D31620-69D1-4FBD-A55D-BAE6D0427AFB}.Release|Any CPU.Build.0 = Release|Any CPU
		{CAA71253-E697-4A04-9855-94F7D85952FB}.Debug|Any CPU.ActiveCfg = Debug|Any CPU
		{CAA71253-E697-4A04-9855-94F7D85952FB}.Debug|Any CPU.Build.0 = Debug|Any CPU
		{CAA71253-E697-4A04-9855-94F7D85952FB}.Release|Any CPU.ActiveCfg = Release|Any CPU
		{CAA71253-E697-4A04-9855-94F7D85952FB}.Release|Any CPU.Build.0 = Release|Any CPU
	EndGlobalSection
	GlobalSection(SolutionProperties) = preSolution
		HideSolutionNode = FALSE
	EndGlobalSection
	GlobalSection(ExtensibilityGlobals) = postSolution
		SolutionGuid = {CD3237BF-D219-4CF7-B6E0-624F81FFC965}
	EndGlobalSection
EndGlobal
